// !$*UTF8*$!
{
	archiveVersion = 1;
	classes = {
	};
	objectVersion = 46;
	objects = {

/* Begin PBXBuildFile section */
		85EC43161C3D179C00E58370 /* main.m in Sources */ = {isa = PBXBuildFile; fileRef = 85EC43151C3D179C00E58370 /* main.m */; };
		85EC43191C3D179C00E58370 /* AppDelegate.m in Sources */ = {isa = PBXBuildFile; fileRef = 85EC43181C3D179C00E58370 /* AppDelegate.m */; };
		85EC431C1C3D179C00E58370 /* ViewController.m in Sources */ = {isa = PBXBuildFile; fileRef = 85EC431B1C3D179C00E58370 /* ViewController.m */; };
		85EC431F1C3D179C00E58370 /* Main.storyboard in Resources */ = {isa = PBXBuildFile; fileRef = 85EC431D1C3D179C00E58370 /* Main.storyboard */; };
		85EC43221C3D179C00E58370 /* ARMap.xcdatamodeld in Sources */ = {isa = PBXBuildFile; fileRef = 85EC43201C3D179C00E58370 /* ARMap.xcdatamodeld */; };
		85EC43241C3D179C00E58370 /* Assets.xcassets in Resources */ = {isa = PBXBuildFile; fileRef = 85EC43231C3D179C00E58370 /* Assets.xcassets */; };
		85EC43271C3D179C00E58370 /* LaunchScreen.storyboard in Resources */ = {isa = PBXBuildFile; fileRef = 85EC43251C3D179C00E58370 /* LaunchScreen.storyboard */; };
/* End PBXBuildFile section */

/* Begin PBXFileReference section */
		85EC43111C3D179C00E58370 /* ARMap.app */ = {isa = PBXFileReference; explicitFileType = wrapper.application; includeInIndex = 0; path = ARMap.app; sourceTree = BUILT_PRODUCTS_DIR; };
		85EC43151C3D179C00E58370 /* main.m */ = {isa = PBXFileReference; lastKnownFileType = sourcecode.c.objc; path = main.m; sourceTree = "<group>"; };
		85EC43171C3D179C00E58370 /* AppDelegate.h */ = {isa = PBXFileReference; lastKnownFileType = sourcecode.c.h; path = AppDelegate.h; sourceTree = "<group>"; };
		85EC43181C3D179C00E58370 /* AppDelegate.m */ = {isa = PBXFileReference; lastKnownFileType = sourcecode.c.objc; path = AppDelegate.m; sourceTree = "<group>"; };
		85EC431A1C3D179C00E58370 /* ViewController.h */ = {isa = PBXFileReference; lastKnownFileType = sourcecode.c.h; path = ViewController.h; sourceTree = "<group>"; };
		85EC431B1C3D179C00E58370 /* ViewController.m */ = {isa = PBXFileReference; lastKnownFileType = sourcecode.c.objc; path = ViewController.m; sourceTree = "<group>"; };
		85EC431E1C3D179C00E58370 /* Base */ = {isa = PBXFileReference; lastKnownFileType = file.storyboard; name = Base; path = Base.lproj/Main.storyboard; sourceTree = "<group>"; };
		85EC43211C3D179C00E58370 /* ARMap.xcdatamodel */ = {isa = PBXFileReference; lastKnownFileType = wrapper.xcdatamodel; path = ARMap.xcdatamodel; sourceTree = "<group>"; };
		85EC43231C3D179C00E58370 /* Assets.xcassets */ = {isa = PBXFileReference; lastKnownFileType = folder.assetcatalog; path = Assets.xcassets; sourceTree = "<group>"; };
		85EC43261C3D179C00E58370 /* Base */ = {isa = PBXFileReference; lastKnownFileType = file.storyboard; name = Base; path = Base.lproj/LaunchScreen.storyboard; sourceTree = "<group>"; };
		85EC43281C3D179C00E58370 /* Info.plist */ = {isa = PBXFileReference; lastKnownFileType = text.plist.xml; path = Info.plist; sourceTree = "<group>"; };
/* End PBXFileReference section */

/* Begin PBXFrameworksBuildPhase section */
		85EC430E1C3D179C00E58370 /* Frameworks */ = {
			isa = PBXFrameworksBuildPhase;
			buildActionMask = 2147483647;
			files = (
			);
			runOnlyForDeploymentPostprocessing = 0;
		};
/* End PBXFrameworksBuildPhase section */

/* Begin PBXGroup section */
		85EC43081C3D179C00E58370 = {
			isa = PBXGroup;
			children = (
				85EC43131C3D179C00E58370 /* ARMap */,
				85EC43121C3D179C00E58370 /* Products */,
			);
			sourceTree = "<group>";
		};
		85EC43121C3D179C00E58370 /* Products */ = {
			isa = PBXGroup;
			children = (
				85EC43111C3D179C00E58370 /* ARMap.app */,
			);
			name = Products;
			sourceTree = "<group>";
		};
		85EC43131C3D179C00E58370 /* ARMap */ = {
			isa = PBXGroup;
			children = (
				85EC43171C3D179C00E58370 /* AppDelegate.h */,
				85EC43181C3D179C00E58370 /* AppDelegate.m */,
				85EC431A1C3D179C00E58370 /* ViewController.h */,
				85EC431B1C3D179C00E58370 /* ViewController.m */,
				85EC431D1C3D179C00E58370 /* Main.storyboard */,
				85EC43231C3D179C00E58370 /* Assets.xcassets */,
				85EC43251C3D179C00E58370 /* LaunchScreen.storyboard */,
				85EC43281C3D179C00E58370 /* Info.plist */,
				85EC43201C3D179C00E58370 /* ARMap.xcdatamodeld */,
				85EC43141C3D179C00E58370 /* Supporting Files */,
			);
			path = ARMap;
			sourceTree = "<group>";
		};
		85EC43141C3D179C00E58370 /* Supporting Files */ = {
			isa = PBXGroup;
			children = (
				85EC43151C3D179C00E58370 /* main.m */,
			);
			name = "Supporting Files";
			sourceTree = "<group>";
		};
/* End PBXGroup section */

/* Begin PBXNativeTarget section */
		85EC43101C3D179C00E58370 /* ARMap */ = {
			isa = PBXNativeTarget;
			buildConfigurationList = 85EC432B1C3D179C00E58370 /* Build configuration list for PBXNativeTarget "ARMap" */;
			buildPhases = (
				85EC430D1C3D179C00E58370 /* Sources */,
				85EC430E1C3D179C00E58370 /* Frameworks */,
				85EC430F1C3D179C00E58370 /* Resources */,
			);
			buildRules = (
			);
			dependencies = (
			);
			name = ARMap;
			productName = ARMap;
			productReference = 85EC43111C3D179C00E58370 /* ARMap.app */;
			productType = "com.apple.product-type.application";
		};
/* End PBXNativeTarget section */

/* Begin PBXProject section */
		85EC43091C3D179C00E58370 /* Project object */ = {
			isa = PBXProject;
			attributes = {
				LastUpgradeCheck = 0720;
				ORGANIZATIONNAME = imayaselvan;
				TargetAttributes = {
					85EC43101C3D179C00E58370 = {
						CreatedOnToolsVersion = 7.2;
						DevelopmentTeam = PREW6LN2MP;
					};
				};
			};
			buildConfigurationList = 85EC430C1C3D179C00E58370 /* Build configuration list for PBXProject "ARMap" */;
			compatibilityVersion = "Xcode 3.2";
			developmentRegion = English;
			hasScannedForEncodings = 0;
			knownRegions = (
				en,
				Base,
			);
			mainGroup = 85EC43081C3D179C00E58370;
			productRefGroup = 85EC43121C3D179C00E58370 /* Products */;
			projectDirPath = "";
			projectRoot = "";
			targets = (
				85EC43101C3D179C00E58370 /* ARMap */,
			);
		};
/* End PBXProject section */

/* Begin PBXResourcesBuildPhase section */
		85EC430F1C3D179C00E58370 /* Resources */ = {
			isa = PBXResourcesBuildPhase;
			buildActionMask = 2147483647;
			files = (
				85EC43271C3D179C00E58370 /* LaunchScreen.storyboard in Resources */,
				85EC43241C3D179C00E58370 /* Assets.xcassets in Resources */,
				85EC431F1C3D179C00E58370 /* Main.storyboard in Resources */,
			);
			runOnlyForDeploymentPostprocessing = 0;
		};
/* End PBXResourcesBuildPhase section */

/* Begin PBXSourcesBuildPhase section */
		85EC430D1C3D179C00E58370 /* Sources */ = {
			isa = PBXSourcesBuildPhase;
			buildActionMask = 2147483647;
			files = (
				85EC431C1C3D179C00E58370 /* ViewController.m in Sources */,
				85EC43191C3D179C00E58370 /* AppDelegate.m in Sources */,
				85EC43161C3D179C00E58370 /* main.m in Sources */,
				85EC43221C3D179C00E58370 /* ARMap.xcdatamodeld in Sources */,
			);
			runOnlyForDeploymentPostprocessing = 0;
		};
/* End PBXSourcesBuildPhase section */

/* Begin PBXVariantGroup section */
		85EC431D1C3D179C00E58370 /* Main.storyboard */ = {
			isa = PBXVariantGroup;
			children = (
				85EC431E1C3D179C00E58370 /* Base */,
			);
			name = Main.storyboard;
			sourceTree = "<group>";
		};
		85EC43251C3D179C00E58370 /* LaunchScreen.storyboard */ = {
			isa = PBXVariantGroup;
			children = (
				85EC43261C3D179C00E58370 /* Base */,
			);
			name = LaunchScreen.storyboard;
			sourceTree = "<group>";
		};
/* End PBXVariantGroup section */

/* Begin XCBuildConfiguration section */
		85EC43291C3D179C00E58370 /* Debug */ = {
			isa = XCBuildConfiguration;
			buildSettings = {
				ALWAYS_SEARCH_USER_PATHS = NO;
				CLANG_CXX_LANGUAGE_STANDARD = "gnu++0x";
				CLANG_CXX_LIBRARY = "libc++";
				CLANG_ENABLE_MODULES = YES;
				CLANG_ENABLE_OBJC_ARC = YES;
				CLANG_WARN_BOOL_CONVERSION = YES;
				CLANG_WARN_CONSTANT_CONVERSION = YES;
				CLANG_WARN_DIRECT_OBJC_ISA_USAGE = YES_ERROR;
				CLANG_WARN_EMPTY_BODY = YES;
				CLANG_WARN_ENUM_CONVERSION = YES;
				CLANG_WARN_INT_CONVERSION = YES;
				CLANG_WARN_OBJC_ROOT_CLASS = YES_ERROR;
				CLANG_WARN_UNREACHABLE_CODE = YES;
				CLANG_WARN__DUPLICATE_METHOD_MATCH = YES;
				"CODE_SIGN_IDENTITY[sdk=iphoneos*]" = "iPhone Developer";
				COPY_PHASE_STRIP = NO;
				DEBUG_INFORMATION_FORMAT = dwarf;
				ENABLE_STRICT_OBJC_MSGSEND = YES;
				ENABLE_TESTABILITY = YES;
				GCC_C_LANGUAGE_STANDARD = gnu99;
				GCC_DYNAMIC_NO_PIC = NO;
				GCC_NO_COMMON_BLOCKS = YES;
				GCC_OPTIMIZATION_LEVEL = 0;
				GCC_PREPROCESSOR_DEFINITIONS = (
					"DEBUG=1",
					"$(inherited)",
				);
				GCC_WARN_64_TO_32_BIT_CONVERSION = YES;
				GCC_WARN_ABOUT_RETURN_TYPE = YES_ERROR;
				GCC_WARN_UNDECLARED_SELECTOR = YES;
				GCC_WARN_UNINITIALIZED_AUTOS = YES_AGGRESSIVE;
				GCC_WARN_UNUSED_FUNCTION = YES;
				GCC_WARN_UNUSED_VARIABLE = YES;
				IPHONEOS_DEPLOYMENT_TARGET = 9.2;
				MTL_ENABLE_DEBUG_INFO = YES;
				ONLY_ACTIVE_ARCH = YES;
				SDKROOT = iphoneos;
				TARGETED_DEVICE_FAMILY = "1,2";
			};
			name = Debug;
		};
		85EC432A1C3D179C00E58370 /* Release */ = {
			isa = XCBuildConfiguration;
			buildSettings = {
				ALWAYS_SEARCH_USER_PATHS = NO;
				CLANG_CXX_LANGUAGE_STANDARD = "gnu++0x";
				CLANG_CXX_LIBRARY = "libc++";
				CLANG_ENABLE_MODULES = YES;
				CLANG_ENABLE_OBJC_ARC = YES;
				CLANG_WARN_BOOL_CONVERSION = YES;
				CLANG_WARN_CONSTANT_CONVERSION = YES;
				CLANG_WARN_DIRECT_OBJC_ISA_USAGE = YES_ERROR;
				CLANG_WARN_EMPTY_BODY = YES;
				CLANG_WARN_ENUM_CONVERSION = YES;
				CLANG_WARN_INT_CONVERSION = YES;
				CLANG_WARN_OBJC_ROOT_CLASS = YES_ERROR;
				CLANG_WARN_UNREACHABLE_CODE = YES;
				CLANG_WARN__DUPLICATE_METHOD_MATCH = YES;
				"CODE_SIGN_IDENTITY[sdk=iphoneos*]" = "iPhone Developer";
				COPY_PHASE_STRIP = NO;
				DEBUG_INFORMATION_FORMAT = "dwarf-with-dsym";
				ENABLE_NS_ASSERTIONS = NO;
				ENABLE_STRICT_OBJC_MSGSEND = YES;
				GCC_C_LANGUAGE_STANDARD = gnu99;
				GCC_NO_COMMON_BLOCKS = YES;
				GCC_WARN_64_TO_32_BIT_CONVERSION = YES;
				GCC_WARN_ABOUT_RETURN_TYPE = YES_ERROR;
				GCC_WARN_UNDECLARED_SELECTOR = YES;
				GCC_WARN_UNINITIALIZED_AUTOS = YES_AGGRESSIVE;
				GCC_WARN_UNUSED_FUNCTION = YES;
				GCC_WARN_UNUSED_VARIABLE = YES;
				IPHONEOS_DEPLOYMENT_TARGET = 9.2;
				MTL_ENABLE_DEBUG_INFO = NO;
				SDKROOT = iphoneos;
				TARGETED_DEVICE_FAMILY = "1,2";
				VALIDATE_PRODUCT = YES;
			};
			name = Release;
		};
		85EC432C1C3D179C00E58370 /* Debug */ = {
			isa = XCBuildConfiguration;
			buildSettings = {
				ASSETCATALOG_COMPILER_APPICON_NAME = AppIcon;
				INFOPLIST_FILE = ARMap/Info.plist;
				LD_RUNPATH_SEARCH_PATHS = "$(inherited) @executable_path/Frameworks";
				PRODUCT_BUNDLE_IDENTIFIER = xome.ARMap;
				PRODUCT_NAME = "$(TARGET_NAME)";
			};
			name = Debug;
		};
		85EC432D1C3D179C00E58370 /* Release */ = {
			isa = XCBuildConfiguration;
			buildSettings = {
				ASSETCATALOG_COMPILER_APPICON_NAME = AppIcon;
				INFOPLIST_FILE = ARMap/Info.plist;
				LD_RUNPATH_SEARCH_PATHS = "$(inherited) @executable_path/Frameworks";
				PRODUCT_BUNDLE_IDENTIFIER = xome.ARMap;
				PRODUCT_NAME = "$(TARGET_NAME)";
			};
			name = Release;
		};
/* End XCBuildConfiguration section */

/* Begin XCConfigurationList section */
		85EC430C1C3D179C00E58370 /* Build configuration list for PBXProject "ARMap" */ = {
			isa = XCConfigurationList;
			buildConfigurations = (
				85EC43291C3D179C00E58370 /* Debug */,
				85EC432A1C3D179C00E58370 /* Release */,
			);
			defaultConfigurationIsVisible = 0;
			defaultConfigurationName = Release;
		};
		85EC432B1C3D179C00E58370 /* Build configuration list for PBXNativeTarget "ARMap" */ = {
			isa = XCConfigurationList;
			buildConfigurations = (
				85EC432C1C3D179C00E58370 /* Debug */,
				85EC432D1C3D179C00E58370 /* Release */,
			);
			defaultConfigurationIsVisible = 0;
		};
/* End XCConfigurationList section */

/* Begin XCVersionGroup section */
		85EC43201C3D179C00E58370 /* ARMap.xcdatamodeld */ = {
			isa = XCVersionGroup;
			children = (
				85EC43211C3D179C00E58370 /* ARMap.xcdatamodel */,
			);
			currentVersion = 85EC43211C3D179C00E58370 /* ARMap.xcdatamodel */;
			path = ARMap.xcdatamodeld;
			sourceTree = "<group>";
			versionGroupType = wrapper.xcdatamodel;
		};
/* End XCVersionGroup section */
	};
	rootObject = 85EC43091C3D179C00E58370 /* Project object */;
}
